// !$*UTF8*$!
{
	archiveVersion = 1;
	classes = {
	};
	objectVersion = 46;
	objects = {

/* Begin PBXBuildFile section */
		4016A6451B6B20530030E87B /* MainViewBackgroundImage.png in Resources */ = {isa = PBXBuildFile; fileRef = 4016A6431B6B20530030E87B /* MainViewBackgroundImage.png */; };
		4016A6461B6B20530030E87B /* SlideMenuBackgroundImage.png in Resources */ = {isa = PBXBuildFile; fileRef = 4016A6441B6B20530030E87B /* SlideMenuBackgroundImage.png */; };
		4076726E1B6B4AE600D2D445 /* SlideMenuViewController.m in Sources */ = {isa = PBXBuildFile; fileRef = 4076726A1B6B4AE600D2D445 /* SlideMenuViewController.m */; };
		4076726F1B6B4AE600D2D445 /* MainViewController.m in Sources */ = {isa = PBXBuildFile; fileRef = 4076726D1B6B4AE600D2D445 /* MainViewController.m */; };
		407672751B6B4F3F00D2D445 /* KlausNavigationBar.m in Sources */ = {isa = PBXBuildFile; fileRef = 407672741B6B4F3F00D2D445 /* KlausNavigationBar.m */; };
		40798C3B1B6B65B8009F9649 /* BackgroundViewController.m in Sources */ = {isa = PBXBuildFile; fileRef = 40798C3A1B6B65B8009F9649 /* BackgroundViewController.m */; };
		40798C3D1B6B6E14009F9649 /* LaunchVideo.mov in Resources */ = {isa = PBXBuildFile; fileRef = 40798C3C1B6B6E14009F9649 /* LaunchVideo.mov */; };
		407A317C1B6B17B100ADEA47 /* main.m in Sources */ = {isa = PBXBuildFile; fileRef = 407A317B1B6B17B100ADEA47 /* main.m */; };
		407A31851B6B17B100ADEA47 /* Main.storyboard in Resources */ = {isa = PBXBuildFile; fileRef = 407A31831B6B17B100ADEA47 /* Main.storyboard */; };
		407A31871B6B17B100ADEA47 /* Images.xcassets in Resources */ = {isa = PBXBuildFile; fileRef = 407A31861B6B17B100ADEA47 /* Images.xcassets */; };
		407A318A1B6B17B100ADEA47 /* LaunchScreen.xib in Resources */ = {isa = PBXBuildFile; fileRef = 407A31881B6B17B100ADEA47 /* LaunchScreen.xib */; };
		407A31961B6B17B100ADEA47 /* Crystal_WeatherTests.m in Sources */ = {isa = PBXBuildFile; fileRef = 407A31951B6B17B100ADEA47 /* Crystal_WeatherTests.m */; };
		407A31AB1B6B1CDB00ADEA47 /* ViewController.m in Sources */ = {isa = PBXBuildFile; fileRef = 407A31A31B6B1CDB00ADEA47 /* ViewController.m */; };
		407A31AC1B6B1CDB00ADEA47 /* AppDelegate.m in Sources */ = {isa = PBXBuildFile; fileRef = 407A31A91B6B1CDB00ADEA47 /* AppDelegate.m */; };
		4C1C9DDE8D6D2FB1B1EC5EFE /* libPods.a in Frameworks */ = {isa = PBXBuildFile; fileRef = C3329EC598C10A2B6BF86536 /* libPods.a */; };
/* End PBXBuildFile section */

/* Begin PBXContainerItemProxy section */
		407A31901B6B17B100ADEA47 /* PBXContainerItemProxy */ = {
			isa = PBXContainerItemProxy;
			containerPortal = 407A316E1B6B17B100ADEA47 /* Project object */;
			proxyType = 1;
			remoteGlobalIDString = 407A31751B6B17B100ADEA47;
			remoteInfo = "Crystal Weather";
		};
/* End PBXContainerItemProxy section */

/* Begin PBXFileReference section */
		3186DF49397442E1D5131B70 /* Pods.debug.xcconfig */ = {isa = PBXFileReference; includeInIndex = 1; lastKnownFileType = text.xcconfig; name = Pods.debug.xcconfig; path = "Pods/Target Support Files/Pods/Pods.debug.xcconfig"; sourceTree = "<group>"; };
		4016A6431B6B20530030E87B /* MainViewBackgroundImage.png */ = {isa = PBXFileReference; lastKnownFileType = image.png; path = MainViewBackgroundImage.png; sourceTree = "<group>"; };
		4016A6441B6B20530030E87B /* SlideMenuBackgroundImage.png */ = {isa = PBXFileReference; lastKnownFileType = image.png; path = SlideMenuBackgroundImage.png; sourceTree = "<group>"; };
		407672691B6B4AE600D2D445 /* SlideMenuViewController.h */ = {isa = PBXFileReference; fileEncoding = 4; lastKnownFileType = sourcecode.c.h; path = SlideMenuViewController.h; sourceTree = "<group>"; };
		4076726A1B6B4AE600D2D445 /* SlideMenuViewController.m */ = {isa = PBXFileReference; fileEncoding = 4; lastKnownFileType = sourcecode.c.objc; path = SlideMenuViewController.m; sourceTree = "<group>"; };
		4076726C1B6B4AE600D2D445 /* MainViewController.h */ = {isa = PBXFileReference; fileEncoding = 4; lastKnownFileType = sourcecode.c.h; path = MainViewController.h; sourceTree = "<group>"; };
		4076726D1B6B4AE600D2D445 /* MainViewController.m */ = {isa = PBXFileReference; fileEncoding = 4; lastKnownFileType = sourcecode.c.objc; path = MainViewController.m; sourceTree = "<group>"; };
		407672731B6B4F3F00D2D445 /* KlausNavigationBar.h */ = {isa = PBXFileReference; fileEncoding = 4; lastKnownFileType = sourcecode.c.h; path = KlausNavigationBar.h; sourceTree = "<group>"; };
		407672741B6B4F3F00D2D445 /* KlausNavigationBar.m */ = {isa = PBXFileReference; fileEncoding = 4; lastKnownFileType = sourcecode.c.objc; path = KlausNavigationBar.m; sourceTree = "<group>"; };
		40798C391B6B65B8009F9649 /* BackgroundViewController.h */ = {isa = PBXFileReference; fileEncoding = 4; lastKnownFileType = sourcecode.c.h; path = BackgroundViewController.h; sourceTree = "<group>"; };
		40798C3A1B6B65B8009F9649 /* BackgroundViewController.m */ = {isa = PBXFileReference; fileEncoding = 4; lastKnownFileType = sourcecode.c.objc; path = BackgroundViewController.m; sourceTree = "<group>"; };
		40798C3C1B6B6E14009F9649 /* LaunchVideo.mov */ = {isa = PBXFileReference; lastKnownFileType = video.quicktime; path = LaunchVideo.mov; sourceTree = "<group>"; };
		407A31761B6B17B100ADEA47 /* Crystal Weather.app */ = {isa = PBXFileReference; explicitFileType = wrapper.application; includeInIndex = 0; path = "Crystal Weather.app"; sourceTree = BUILT_PRODUCTS_DIR; };
		407A317A1B6B17B100ADEA47 /* Info.plist */ = {isa = PBXFileReference; lastKnownFileType = text.plist.xml; path = Info.plist; sourceTree = "<group>"; };
		407A317B1B6B17B100ADEA47 /* main.m */ = {isa = PBXFileReference; lastKnownFileType = sourcecode.c.objc; path = main.m; sourceTree = "<group>"; };
		407A31841B6B17B100ADEA47 /* Base */ = {isa = PBXFileReference; lastKnownFileType = file.storyboard; name = Base; path = Base.lproj/Main.storyboard; sourceTree = "<group>"; };
		407A31861B6B17B100ADEA47 /* Images.xcassets */ = {isa = PBXFileReference; lastKnownFileType = folder.assetcatalog; path = Images.xcassets; sourceTree = "<group>"; };
		407A31891B6B17B100ADEA47 /* Base */ = {isa = PBXFileReference; lastKnownFileType = file.xib; name = Base; path = Base.lproj/LaunchScreen.xib; sourceTree = "<group>"; };
		407A318F1B6B17B100ADEA47 /* Crystal WeatherTests.xctest */ = {isa = PBXFileReference; explicitFileType = wrapper.cfbundle; includeInIndex = 0; path = "Crystal WeatherTests.xctest"; sourceTree = BUILT_PRODUCTS_DIR; };
		407A31941B6B17B100ADEA47 /* Info.plist */ = {isa = PBXFileReference; lastKnownFileType = text.plist.xml; path = Info.plist; sourceTree = "<group>"; };
		407A31951B6B17B100ADEA47 /* Crystal_WeatherTests.m */ = {isa = PBXFileReference; lastKnownFileType = sourcecode.c.objc; path = Crystal_WeatherTests.m; sourceTree = "<group>"; };
		407A31A21B6B1CDB00ADEA47 /* ViewController.h */ = {isa = PBXFileReference; fileEncoding = 4; lastKnownFileType = sourcecode.c.h; path = ViewController.h; sourceTree = "<group>"; };
		407A31A31B6B1CDB00ADEA47 /* ViewController.m */ = {isa = PBXFileReference; fileEncoding = 4; lastKnownFileType = sourcecode.c.objc; path = ViewController.m; sourceTree = "<group>"; };
		407A31A81B6B1CDB00ADEA47 /* AppDelegate.h */ = {isa = PBXFileReference; fileEncoding = 4; lastKnownFileType = sourcecode.c.h; path = AppDelegate.h; sourceTree = "<group>"; };
		407A31A91B6B1CDB00ADEA47 /* AppDelegate.m */ = {isa = PBXFileReference; fileEncoding = 4; lastKnownFileType = sourcecode.c.objc; path = AppDelegate.m; sourceTree = "<group>"; };
		407A31AD1B6B1D8900ADEA47 /* MacroDefinition.h */ = {isa = PBXFileReference; fileEncoding = 4; lastKnownFileType = sourcecode.c.h; path = MacroDefinition.h; sourceTree = "<group>"; };
		A6FE3989D1A4DFE0682DACEF /* Pods.release.xcconfig */ = {isa = PBXFileReference; includeInIndex = 1; lastKnownFileType = text.xcconfig; name = Pods.release.xcconfig; path = "Pods/Target Support Files/Pods/Pods.release.xcconfig"; sourceTree = "<group>"; };
		C3329EC598C10A2B6BF86536 /* libPods.a */ = {isa = PBXFileReference; explicitFileType = archive.ar; includeInIndex = 0; path = libPods.a; sourceTree = BUILT_PRODUCTS_DIR; };
/* End PBXFileReference section */

/* Begin PBXFrameworksBuildPhase section */
		407A31731B6B17B100ADEA47 /* Frameworks */ = {
			isa = PBXFrameworksBuildPhase;
			buildActionMask = 2147483647;
			files = (
				4C1C9DDE8D6D2FB1B1EC5EFE /* libPods.a in Frameworks */,
			);
			runOnlyForDeploymentPostprocessing = 0;
		};
		407A318C1B6B17B100ADEA47 /* Frameworks */ = {
			isa = PBXFrameworksBuildPhase;
			buildActionMask = 2147483647;
			files = (
			);
			runOnlyForDeploymentPostprocessing = 0;
		};
/* End PBXFrameworksBuildPhase section */

/* Begin PBXGroup section */
		407672681B6B4AE600D2D445 /* 侧滑菜单 */ = {
			isa = PBXGroup;
			children = (
				407672691B6B4AE600D2D445 /* SlideMenuViewController.h */,
				4076726A1B6B4AE600D2D445 /* SlideMenuViewController.m */,
			);
			name = "侧滑菜单";
			path = "公共类/侧滑菜单";
			sourceTree = "<group>";
		};
		4076726B1B6B4AE600D2D445 /* 主界面 */ = {
			isa = PBXGroup;
			children = (
				4076726C1B6B4AE600D2D445 /* MainViewController.h */,
				4076726D1B6B4AE600D2D445 /* MainViewController.m */,
			);
			name = "主界面";
			path = "公共类/主界面";
			sourceTree = "<group>";
		};
		407A316D1B6B17B100ADEA47 = {
			isa = PBXGroup;
			children = (
				407A31781B6B17B100ADEA47 /* Crystal Weather */,
				407A31921B6B17B100ADEA47 /* Crystal WeatherTests */,
				407A31771B6B17B100ADEA47 /* Products */,
				BA9FC5498C4BACDC5EEF2C97 /* Pods */,
				E6FED50BE9A3E3E2C685A923 /* Frameworks */,
			);
			sourceTree = "<group>";
		};
		407A31771B6B17B100ADEA47 /* Products */ = {
			isa = PBXGroup;
			children = (
				407A31761B6B17B100ADEA47 /* Crystal Weather.app */,
				407A318F1B6B17B100ADEA47 /* Crystal WeatherTests.xctest */,
			);
			name = Products;
			sourceTree = "<group>";
		};
		407A31781B6B17B100ADEA47 /* Crystal Weather */ = {
			isa = PBXGroup;
			children = (
				407A31A71B6B1CDB00ADEA47 /* 应用程序 */,
				407A31A11B6B1CDB00ADEA47 /* 基类 */,
				407A31A01B6B1CDB00ADEA47 /* 公共类 */,
				4076726B1B6B4AE600D2D445 /* 主界面 */,
				407672681B6B4AE600D2D445 /* 侧滑菜单 */,
				407A31A41B6B1CDB00ADEA47 /* 设置菜单 */,
				407A31A51B6B1CDB00ADEA47 /* 搜索界面 */,
				407A31A61B6B1CDB00ADEA47 /* 图片资源 */,
				407A31861B6B17B100ADEA47 /* Images.xcassets */,
				407A31791B6B17B100ADEA47 /* Supporting Files */,
			);
			path = "Crystal Weather";
			sourceTree = "<group>";
		};
		407A31791B6B17B100ADEA47 /* Supporting Files */ = {
			isa = PBXGroup;
			children = (
				407A317A1B6B17B100ADEA47 /* Info.plist */,
				407A317B1B6B17B100ADEA47 /* main.m */,
			);
			name = "Supporting Files";
			sourceTree = "<group>";
		};
		407A31921B6B17B100ADEA47 /* Crystal WeatherTests */ = {
			isa = PBXGroup;
			children = (
				407A31951B6B17B100ADEA47 /* Crystal_WeatherTests.m */,
				407A31931B6B17B100ADEA47 /* Supporting Files */,
			);
			path = "Crystal WeatherTests";
			sourceTree = "<group>";
		};
		407A31931B6B17B100ADEA47 /* Supporting Files */ = {
			isa = PBXGroup;
			children = (
				407A31941B6B17B100ADEA47 /* Info.plist */,
			);
			name = "Supporting Files";
			sourceTree = "<group>";
		};
		407A31A01B6B1CDB00ADEA47 /* 公共类 */ = {
			isa = PBXGroup;
			children = (
				407A31AD1B6B1D8900ADEA47 /* MacroDefinition.h */,
				407672731B6B4F3F00D2D445 /* KlausNavigationBar.h */,
				407672741B6B4F3F00D2D445 /* KlausNavigationBar.m */,
			);
			path = "公共类";
			sourceTree = "<group>";
		};
		407A31A11B6B1CDB00ADEA47 /* 基类 */ = {
			isa = PBXGroup;
			children = (
				407A31A21B6B1CDB00ADEA47 /* ViewController.h */,
				407A31A31B6B1CDB00ADEA47 /* ViewController.m */,
				40798C391B6B65B8009F9649 /* BackgroundViewController.h */,
				40798C3A1B6B65B8009F9649 /* BackgroundViewController.m */,
			);
			path = "基类";
			sourceTree = "<group>";
		};
		407A31A41B6B1CDB00ADEA47 /* 设置菜单 */ = {
			isa = PBXGroup;
			children = (
			);
			path = "设置菜单";
			sourceTree = "<group>";
		};
		407A31A51B6B1CDB00ADEA47 /* 搜索界面 */ = {
			isa = PBXGroup;
			children = (
			);
			path = "搜索界面";
			sourceTree = "<group>";
		};
		407A31A61B6B1CDB00ADEA47 /* 图片资源 */ = {
			isa = PBXGroup;
			children = (
				40798C3C1B6B6E14009F9649 /* LaunchVideo.mov */,
				4016A6431B6B20530030E87B /* MainViewBackgroundImage.png */,
				4016A6441B6B20530030E87B /* SlideMenuBackgroundImage.png */,
			);
			path = "图片资源";
			sourceTree = "<group>";
		};
		407A31A71B6B1CDB00ADEA47 /* 应用程序 */ = {
			isa = PBXGroup;
			children = (
				407A31A81B6B1CDB00ADEA47 /* AppDelegate.h */,
				407A31A91B6B1CDB00ADEA47 /* AppDelegate.m */,
				407A31831B6B17B100ADEA47 /* Main.storyboard */,
				407A31881B6B17B100ADEA47 /* LaunchScreen.xib */,
			);
			path = "应用程序";
			sourceTree = "<group>";
		};
		BA9FC5498C4BACDC5EEF2C97 /* Pods */ = {
			isa = PBXGroup;
			children = (
				3186DF49397442E1D5131B70 /* Pods.debug.xcconfig */,
				A6FE3989D1A4DFE0682DACEF /* Pods.release.xcconfig */,
			);
			name = Pods;
			sourceTree = "<group>";
		};
		E6FED50BE9A3E3E2C685A923 /* Frameworks */ = {
			isa = PBXGroup;
			children = (
				C3329EC598C10A2B6BF86536 /* libPods.a */,
			);
			name = Frameworks;
			sourceTree = "<group>";
		};
/* End PBXGroup section */

/* Begin PBXNativeTarget section */
		407A31751B6B17B100ADEA47 /* Crystal Weather */ = {
			isa = PBXNativeTarget;
			buildConfigurationList = 407A31991B6B17B100ADEA47 /* Build configuration list for PBXNativeTarget "Crystal Weather" */;
			buildPhases = (
				CA4F1A307D1AA726DB8C4D9A /* Check Pods Manifest.lock */,
				407A31721B6B17B100ADEA47 /* Sources */,
				407A31731B6B17B100ADEA47 /* Frameworks */,
				407A31741B6B17B100ADEA47 /* Resources */,
				EA8905AEE5BD4FD7B2A6034E /* Copy Pods Resources */,
			);
			buildRules = (
			);
			dependencies = (
			);
			name = "Crystal Weather";
			productName = "Crystal Weather";
			productReference = 407A31761B6B17B100ADEA47 /* Crystal Weather.app */;
			productType = "com.apple.product-type.application";
		};
		407A318E1B6B17B100ADEA47 /* Crystal WeatherTests */ = {
			isa = PBXNativeTarget;
			buildConfigurationList = 407A319C1B6B17B100ADEA47 /* Build configuration list for PBXNativeTarget "Crystal WeatherTests" */;
			buildPhases = (
				407A318B1B6B17B100ADEA47 /* Sources */,
				407A318C1B6B17B100ADEA47 /* Frameworks */,
				407A318D1B6B17B100ADEA47 /* Resources */,
			);
			buildRules = (
			);
			dependencies = (
				407A31911B6B17B100ADEA47 /* PBXTargetDependency */,
			);
			name = "Crystal WeatherTests";
			productName = "Crystal WeatherTests";
			productReference = 407A318F1B6B17B100ADEA47 /* Crystal WeatherTests.xctest */;
			productType = "com.apple.product-type.bundle.unit-test";
		};
/* End PBXNativeTarget section */

/* Begin PBXProject section */
		407A316E1B6B17B100ADEA47 /* Project object */ = {
			isa = PBXProject;
			attributes = {
				LastUpgradeCheck = 0640;
				ORGANIZATIONNAME = "Klaus Cheung";
				TargetAttributes = {
					407A31751B6B17B100ADEA47 = {
						CreatedOnToolsVersion = 6.4;
					};
					407A318E1B6B17B100ADEA47 = {
						CreatedOnToolsVersion = 6.4;
						TestTargetID = 407A31751B6B17B100ADEA47;
					};
				};
			};
			buildConfigurationList = 407A31711B6B17B100ADEA47 /* Build configuration list for PBXProject "Crystal Weather" */;
			compatibilityVersion = "Xcode 3.2";
			developmentRegion = English;
			hasScannedForEncodings = 0;
			knownRegions = (
				en,
				Base,
			);
			mainGroup = 407A316D1B6B17B100ADEA47;
			productRefGroup = 407A31771B6B17B100ADEA47 /* Products */;
			projectDirPath = "";
			projectRoot = "";
			targets = (
				407A31751B6B17B100ADEA47 /* Crystal Weather */,
				407A318E1B6B17B100ADEA47 /* Crystal WeatherTests */,
			);
		};
/* End PBXProject section */

/* Begin PBXResourcesBuildPhase section */
		407A31741B6B17B100ADEA47 /* Resources */ = {
			isa = PBXResourcesBuildPhase;
			buildActionMask = 2147483647;
			files = (
				407A31851B6B17B100ADEA47 /* Main.storyboard in Resources */,
				40798C3D1B6B6E14009F9649 /* LaunchVideo.mov in Resources */,
				4016A6451B6B20530030E87B /* MainViewBackgroundImage.png in Resources */,
				407A318A1B6B17B100ADEA47 /* LaunchScreen.xib in Resources */,
				4016A6461B6B20530030E87B /* SlideMenuBackgroundImage.png in Resources */,
				407A31871B6B17B100ADEA47 /* Images.xcassets in Resources */,
			);
			runOnlyForDeploymentPostprocessing = 0;
		};
		407A318D1B6B17B100ADEA47 /* Resources */ = {
			isa = PBXResourcesBuildPhase;
			buildActionMask = 2147483647;
			files = (
			);
			runOnlyForDeploymentPostprocessing = 0;
		};
/* End PBXResourcesBuildPhase section */

/* Begin PBXShellScriptBuildPhase section */
		CA4F1A307D1AA726DB8C4D9A /* Check Pods Manifest.lock */ = {
			isa = PBXShellScriptBuildPhase;
			buildActionMask = 2147483647;
			files = (
			);
			inputPaths = (
			);
			name = "Check Pods Manifest.lock";
			outputPaths = (
			);
			runOnlyForDeploymentPostprocessing = 0;
			shellPath = /bin/sh;
			shellScript = "diff \"${PODS_ROOT}/../Podfile.lock\" \"${PODS_ROOT}/Manifest.lock\" > /dev/null\nif [[ $? != 0 ]] ; then\n    cat << EOM\nerror: The sandbox is not in sync with the Podfile.lock. Run 'pod install' or update your CocoaPods installation.\nEOM\n    exit 1\nfi\n";
			showEnvVarsInLog = 0;
		};
		EA8905AEE5BD4FD7B2A6034E /* Copy Pods Resources */ = {
			isa = PBXShellScriptBuildPhase;
			buildActionMask = 2147483647;
			files = (
			);
			inputPaths = (
			);
			name = "Copy Pods Resources";
			outputPaths = (
			);
			runOnlyForDeploymentPostprocessing = 0;
			shellPath = /bin/sh;
			shellScript = "\"${SRCROOT}/Pods/Target Support Files/Pods/Pods-resources.sh\"\n";
			showEnvVarsInLog = 0;
		};
/* End PBXShellScriptBuildPhase section */

/* Begin PBXSourcesBuildPhase section */
		407A31721B6B17B100ADEA47 /* Sources */ = {
			isa = PBXSourcesBuildPhase;
			buildActionMask = 2147483647;
			files = (
				40798C3B1B6B65B8009F9649 /* BackgroundViewController.m in Sources */,
				407A31AB1B6B1CDB00ADEA47 /* ViewController.m in Sources */,
				4076726E1B6B4AE600D2D445 /* SlideMenuViewController.m in Sources */,
				407672751B6B4F3F00D2D445 /* KlausNavigationBar.m in Sources */,
				407A317C1B6B17B100ADEA47 /* main.m in Sources */,
				4076726F1B6B4AE600D2D445 /* MainViewController.m in Sources */,
				407A31AC1B6B1CDB00ADEA47 /* AppDelegate.m in Sources */,
			);
			runOnlyForDeploymentPostprocessing = 0;
		};
		407A318B1B6B17B100ADEA47 /* Sources */ = {
			isa = PBXSourcesBuildPhase;
			buildActionMask = 2147483647;
			files = (
				407A31961B6B17B100ADEA47 /* Crystal_WeatherTests.m in Sources */,
			);
			runOnlyForDeploymentPostprocessing = 0;
		};
/* End PBXSourcesBuildPhase section */

/* Begin PBXTargetDependency section */
		407A31911B6B17B100ADEA47 /* PBXTargetDependency */ = {
			isa = PBXTargetDependency;
			target = 407A31751B6B17B100ADEA47 /* Crystal Weather */;
			targetProxy = 407A31901B6B17B100ADEA47 /* PBXContainerItemProxy */;
		};
/* End PBXTargetDependency section */

/* Begin PBXVariantGroup section */
		407A31831B6B17B100ADEA47 /* Main.storyboard */ = {
			isa = PBXVariantGroup;
			children = (
				407A31841B6B17B100ADEA47 /* Base */,
			);
			name = Main.storyboard;
			path = ..;
			sourceTree = "<group>";
		};
		407A31881B6B17B100ADEA47 /* LaunchScreen.xib */ = {
			isa = PBXVariantGroup;
			children = (
				407A31891B6B17B100ADEA47 /* Base */,
			);
			name = LaunchScreen.xib;
			path = ..;
			sourceTree = "<group>";
		};
/* End PBXVariantGroup section */

/* Begin XCBuildConfiguration section */
		407A31971B6B17B100ADEA47 /* Debug */ = {
			isa = XCBuildConfiguration;
			buildSettings = {
				ALWAYS_SEARCH_USER_PATHS = NO;
				CLANG_CXX_LANGUAGE_STANDARD = "gnu++0x";
				CLANG_CXX_LIBRARY = "libc++";
				CLANG_ENABLE_MODULES = YES;
				CLANG_ENABLE_OBJC_ARC = YES;
				CLANG_WARN_BOOL_CONVERSION = YES;
				CLANG_WARN_CONSTANT_CONVERSION = YES;
				CLANG_WARN_DIRECT_OBJC_ISA_USAGE = YES_ERROR;
				CLANG_WARN_EMPTY_BODY = YES;
				CLANG_WARN_ENUM_CONVERSION = YES;
				CLANG_WARN_INT_CONVERSION = YES;
				CLANG_WARN_OBJC_ROOT_CLASS = YES_ERROR;
				CLANG_WARN_UNREACHABLE_CODE = YES;
				CLANG_WARN__DUPLICATE_METHOD_MATCH = YES;
				"CODE_SIGN_IDENTITY[sdk=iphoneos*]" = "iPhone Developer";
				COPY_PHASE_STRIP = NO;
				DEBUG_INFORMATION_FORMAT = "dwarf-with-dsym";
				ENABLE_STRICT_OBJC_MSGSEND = YES;
				GCC_C_LANGUAGE_STANDARD = gnu99;
				GCC_DYNAMIC_NO_PIC = NO;
				GCC_NO_COMMON_BLOCKS = YES;
				GCC_OPTIMIZATION_LEVEL = 0;
				GCC_PREPROCESSOR_DEFINITIONS = (
					"DEBUG=1",
					"$(inherited)",
				);
				GCC_SYMBOLS_PRIVATE_EXTERN = NO;
				GCC_WARN_64_TO_32_BIT_CONVERSION = YES;
				GCC_WARN_ABOUT_RETURN_TYPE = YES_ERROR;
				GCC_WARN_UNDECLARED_SELECTOR = YES;
				GCC_WARN_UNINITIALIZED_AUTOS = YES_AGGRESSIVE;
				GCC_WARN_UNUSED_FUNCTION = YES;
				GCC_WARN_UNUSED_VARIABLE = YES;
				IPHONEOS_DEPLOYMENT_TARGET = 8.4;
				MTL_ENABLE_DEBUG_INFO = YES;
				ONLY_ACTIVE_ARCH = YES;
				SDKROOT = iphoneos;
			};
			name = Debug;
		};
		407A31981B6B17B100ADEA47 /* Release */ = {
			isa = XCBuildConfiguration;
			buildSettings = {
				ALWAYS_SEARCH_USER_PATHS = NO;
				CLANG_CXX_LANGUAGE_STANDARD = "gnu++0x";
				CLANG_CXX_LIBRARY = "libc++";
				CLANG_ENABLE_MODULES = YES;
				CLANG_ENABLE_OBJC_ARC = YES;
				CLANG_WARN_BOOL_CONVERSION = YES;
				CLANG_WARN_CONSTANT_CONVERSION = YES;
				CLANG_WARN_DIRECT_OBJC_ISA_USAGE = YES_ERROR;
				CLANG_WARN_EMPTY_BODY = YES;
				CLANG_WARN_ENUM_CONVERSION = YES;
				CLANG_WARN_INT_CONVERSION = YES;
				CLANG_WARN_OBJC_ROOT_CLASS = YES_ERROR;
				CLANG_WARN_UNREACHABLE_CODE = YES;
				CLANG_WARN__DUPLICATE_METHOD_MATCH = YES;
				"CODE_SIGN_IDENTITY[sdk=iphoneos*]" = "iPhone Developer";
				COPY_PHASE_STRIP = NO;
				DEBUG_INFORMATION_FORMAT = "dwarf-with-dsym";
				ENABLE_NS_ASSERTIONS = NO;
				ENABLE_STRICT_OBJC_MSGSEND = YES;
				GCC_C_LANGUAGE_STANDARD = gnu99;
				GCC_NO_COMMON_BLOCKS = YES;
				GCC_WARN_64_TO_32_BIT_CONVERSION = YES;
				GCC_WARN_ABOUT_RETURN_TYPE = YES_ERROR;
				GCC_WARN_UNDECLARED_SELECTOR = YES;
				GCC_WARN_UNINITIALIZED_AUTOS = YES_AGGRESSIVE;
				GCC_WARN_UNUSED_FUNCTION = YES;
				GCC_WARN_UNUSED_VARIABLE = YES;
				IPHONEOS_DEPLOYMENT_TARGET = 8.4;
				MTL_ENABLE_DEBUG_INFO = NO;
				SDKROOT = iphoneos;
				VALIDATE_PRODUCT = YES;
			};
			name = Release;
		};
		407A319A1B6B17B100ADEA47 /* Debug */ = {
			isa = XCBuildConfiguration;
			baseConfigurationReference = 3186DF49397442E1D5131B70 /* Pods.debug.xcconfig */;
			buildSettings = {
				ASSETCATALOG_COMPILER_APPICON_NAME = AppIcon;
				INFOPLIST_FILE = "Crystal Weather/Info.plist";
				LD_RUNPATH_SEARCH_PATHS = "$(inherited) @executable_path/Frameworks";
				PRODUCT_NAME = "$(TARGET_NAME)";
			};
			name = Debug;
		};
		407A319B1B6B17B100ADEA47 /* Release */ = {
			isa = XCBuildConfiguration;
			baseConfigurationReference = A6FE3989D1A4DFE0682DACEF /* Pods.release.xcconfig */;
			buildSettings = {
				ASSETCATALOG_COMPILER_APPICON_NAME = AppIcon;
				INFOPLIST_FILE = "Crystal Weather/Info.plist";
				LD_RUNPATH_SEARCH_PATHS = "$(inherited) @executable_path/Frameworks";
				PRODUCT_NAME = "$(TARGET_NAME)";
			};
			name = Release;
		};
		407A319D1B6B17B100ADEA47 /* Debug */ = {
			isa = XCBuildConfiguration;
			buildSettings = {
				BUNDLE_LOADER = "$(TEST_HOST)";
				FRAMEWORK_SEARCH_PATHS = (
					"$(SDKROOT)/Developer/Library/Frameworks",
					"$(inherited)",
				);
				GCC_PREPROCESSOR_DEFINITIONS = (
					"DEBUG=1",
					"$(inherited)",
				);
				INFOPLIST_FILE = "Crystal WeatherTests/Info.plist";
				LD_RUNPATH_SEARCH_PATHS = "$(inherited) @executable_path/Frameworks @loader_path/Frameworks";
				PRODUCT_NAME = "$(TARGET_NAME)";
				TEST_HOST = "$(BUILT_PRODUCTS_DIR)/Crystal Weather.app/Crystal Weather";
			};
			name = Debug;
		};
		407A319E1B6B17B100ADEA47 /* Release */ = {
			isa = XCBuildConfiguration;
			buildSettings = {
				BUNDLE_LOADER = "$(TEST_HOST)";
				FRAMEWORK_SEARCH_PATHS = (
					"$(SDKROOT)/Developer/Library/Frameworks",
					"$(inherited)",
				);
				INFOPLIST_FILE = "Crystal WeatherTests/Info.plist";
				LD_RUNPATH_SEARCH_PATHS = "$(inherited) @executable_path/Frameworks @loader_path/Frameworks";
				PRODUCT_NAME = "$(TARGET_NAME)";
				TEST_HOST = "$(BUILT_PRODUCTS_DIR)/Crystal Weather.app/Crystal Weather";
			};
			name = Release;
		};
/* End XCBuildConfiguration section */

/* Begin XCConfigurationList section */
		407A31711B6B17B100ADEA47 /* Build configuration list for PBXProject "Crystal Weather" */ = {
			isa = XCConfigurationList;
			buildConfigurations = (
				407A31971B6B17B100ADEA47 /* Debug */,
				407A31981B6B17B100ADEA47 /* Release */,
			);
			defaultConfigurationIsVisible = 0;
			defaultConfigurationName = Release;
		};
		407A31991B6B17B100ADEA47 /* Build configuration list for PBXNativeTarget "Crystal Weather" */ = {
			isa = XCConfigurationList;
			buildConfigurations = (
				407A319A1B6B17B100ADEA47 /* Debug */,
				407A319B1B6B17B100ADEA47 /* Release */,
			);
			defaultConfigurationIsVisible = 0;
			defaultConfigurationName = Release;
		};
		407A319C1B6B17B100ADEA47 /* Build configuration list for PBXNativeTarget "Crystal WeatherTests" */ = {
			isa = XCConfigurationList;
			buildConfigurations = (
				407A319D1B6B17B100ADEA47 /* Debug */,
				407A319E1B6B17B100ADEA47 /* Release */,
			);
			defaultConfigurationIsVisible = 0;
			defaultConfigurationName = Release;
		};
/* End XCConfigurationList section */
	};
	rootObject = 407A316E1B6B17B100ADEA47 /* Project object */;
}
